
Microsoft Visual Studio Solution File, Format Version 12.00
# Visual Studio Version 16
VisualStudioVersion = 16.0.31313.79
MinimumVisualStudioVersion = 10.0.40219.1
Project("{D954291E-2A0B-460D-934E-DC6B0785DB48}") = "POSUNO.Shared", "POSUNO\POSUNO.Shared\POSUNO.Shared.shproj", "{6279C845-92F8-4333-AB99-3D213163593C}"
EndProject
Project("{2150E333-8FDC-42A3-9474-1A3956D46DE8}") = "Platforms", "Platforms", "{9D3B7E94-91AC-466E-9FD4-EF06B96B4572}"
EndProject
Project("{FAE04EC0-301F-11D3-BF4B-00C04F79EFBC}") = "POSUNO.Droid", "POSUNO\POSUNO.Droid\POSUNO.Droid.csproj", "{E14ABCFC-35CF-4046-87F4-1551A0A936E1}"
EndProject
Project("{FAE04EC0-301F-11D3-BF4B-00C04F79EFBC}") = "POSUNO.iOS", "POSUNO\POSUNO.iOS\POSUNO.iOS.csproj", "{BCF6E12C-6FD1-4976-9020-3AB911ED0A91}"
EndProject
Project("{FAE04EC0-301F-11D3-BF4B-00C04F79EFBC}") = "POSUNO.UWP", "POSUNO\POSUNO.UWP\POSUNO.UWP.csproj", "{41533A72-CF6B-47C2-90CC-BEA4EE2B756E}"
EndProject
Project("{9A19103F-16F7-4668-BE54-9A1E7A4F7556}") = "POSUNO.Wasm", "POSUNO\POSUNO.Wasm\POSUNO.Wasm.csproj", "{3BC6E6C3-8378-4D5C-9DC1-54BC0FFF24CE}"
EndProject
Project("{FAE04EC0-301F-11D3-BF4B-00C04F79EFBC}") = "POSUNO.macOS", "POSUNO\POSUNO.macOS\POSUNO.macOS.csproj", "{D5F7907E-CA1A-49E2-B9C1-4E2FAE65240F}"
EndProject
Project("{9A19103F-16F7-4668-BE54-9A1E7A4F7556}") = "POSUNO.Skia.Wpf.Host", "POSUNO\POSUNO.Skia.Wpf.Host\POSUNO.Skia.Wpf.Host.csproj", "{BE9A4636-0856-4EEC-97C7-5326E88ADDCC}"
EndProject
Project("{9A19103F-16F7-4668-BE54-9A1E7A4F7556}") = "POSUNO.Skia.Wpf", "POSUNO\POSUNO.Skia.Wpf\POSUNO.Skia.Wpf.csproj", "{E37383CB-CD18-4742-A3E3-574A84A71BB0}"
EndProject
Project("{9A19103F-16F7-4668-BE54-9A1E7A4F7556}") = "POSUNO.Skia.Gtk", "POSUNO\POSUNO.Skia.Gtk\POSUNO.Skia.Gtk.csproj", "{CD35DE59-A87B-4390-8B6F-E807650FC95A}"
EndProject
Project("{9A19103F-16F7-4668-BE54-9A1E7A4F7556}") = "POSUNO.Skia.Tizen", "POSUNO\POSUNO.Skia.Tizen\POSUNO.Skia.Tizen.csproj", "{016131DF-0B20-42F6-8AE9-9BFEEF887AEE}"
EndProject
Project("{FAE04EC0-301F-11D3-BF4B-00C04F79EFBC}") = "POSUNO.Api", "POSUNO.Api\POSUNO.Api.csproj", "{7B613B26-AFF4-4DBF-A166-B725036AF50E}"
EndProject
Global
	GlobalSection(SharedMSBuildProjectFiles) = preSolution
		POSUNO\POSUNO.Shared\POSUNO.Shared.projitems*{016131df-0b20-42f6-8ae9-9bfeef887aee}*SharedItemsImports = 5
		POSUNO\POSUNO.Shared\POSUNO.Shared.projitems*{3bc6e6c3-8378-4d5c-9dc1-54bc0fff24ce}*SharedItemsImports = 5
		POSUNO\POSUNO.Shared\POSUNO.Shared.projitems*{41533a72-cf6b-47c2-90cc-bea4ee2b756e}*SharedItemsImports = 4
		POSUNO\POSUNO.Shared\POSUNO.Shared.projitems*{6279c845-92f8-4333-ab99-3d213163593c}*SharedItemsImports = 13
		POSUNO\POSUNO.Shared\POSUNO.Shared.projitems*{bcf6e12c-6fd1-4976-9020-3ab911ed0a91}*SharedItemsImports = 4
		POSUNO\POSUNO.Shared\POSUNO.Shared.projitems*{cd35de59-a87b-4390-8b6f-e807650fc95a}*SharedItemsImports = 5
		POSUNO\POSUNO.Shared\POSUNO.Shared.projitems*{d5f7907e-ca1a-49e2-b9c1-4e2fae65240f}*SharedItemsImports = 4
		POSUNO\POSUNO.Shared\POSUNO.Shared.projitems*{e14abcfc-35cf-4046-87f4-1551a0a936e1}*SharedItemsImports = 4
		POSUNO\POSUNO.Shared\POSUNO.Shared.projitems*{e37383cb-cd18-4742-a3e3-574a84a71bb0}*SharedItemsImports = 5
	EndGlobalSection
	GlobalSection(SolutionConfigurationPlatforms) = preSolution
		Ad-Hoc|Any CPU = Ad-Hoc|Any CPU
		Ad-Hoc|ARM = Ad-Hoc|ARM
		Ad-Hoc|ARM64 = Ad-Hoc|ARM64
		Ad-Hoc|iPhone = Ad-Hoc|iPhone
		Ad-Hoc|iPhoneSimulator = Ad-Hoc|iPhoneSimulator
		Ad-Hoc|x64 = Ad-Hoc|x64
		Ad-Hoc|x86 = Ad-Hoc|x86
		AppStore|Any CPU = AppStore|Any CPU
		AppStore|ARM = AppStore|ARM
		AppStore|ARM64 = AppStore|ARM64
		AppStore|iPhone = AppStore|iPhone
		AppStore|iPhoneSimulator = AppStore|iPhoneSimulator
		AppStore|x64 = AppStore|x64
		AppStore|x86 = AppStore|x86
		Debug|Any CPU = Debug|Any CPU
		Debug|ARM = Debug|ARM
		Debug|ARM64 = Debug|ARM64
		Debug|iPhone = Debug|iPhone
		Debug|iPhoneSimulator = Debug|iPhoneSimulator
		Debug|x64 = Debug|x64
		Debug|x86 = Debug|x86
		Release|Any CPU = Release|Any CPU
		Release|ARM = Release|ARM
		Release|ARM64 = Release|ARM64
		Release|iPhone = Release|iPhone
		Release|iPhoneSimulator = Release|iPhoneSimulator
		Release|x64 = Release|x64
		Release|x86 = Release|x86
	EndGlobalSection
	GlobalSection(ProjectConfigurationPlatforms) = postSolution
		{E14ABCFC-35CF-4046-87F4-1551A0A936E1}.Ad-Hoc|Any CPU.ActiveCfg = Debug|Any CPU
		{E14ABCFC-35CF-4046-87F4-1551A0A936E1}.Ad-Hoc|Any CPU.Build.0 = Debug|Any CPU
		{E14ABCFC-35CF-4046-87F4-1551A0A936E1}.Ad-Hoc|Any CPU.Deploy.0 = Debug|Any CPU
		{E14ABCFC-35CF-4046-87F4-1551A0A936E1}.Ad-Hoc|ARM.ActiveCfg = Debug|Any CPU
		{E14ABCFC-35CF-4046-87F4-1551A0A936E1}.Ad-Hoc|ARM.Build.0 = Debug|Any CPU
		{E14ABCFC-35CF-4046-87F4-1551A0A936E1}.Ad-Hoc|ARM.Deploy.0 = Debug|Any CPU
		{E14ABCFC-35CF-4046-87F4-1551A0A936E1}.Ad-Hoc|ARM64.ActiveCfg = Debug|Any CPU
		{E14ABCFC-35CF-4046-87F4-1551A0A936E1}.Ad-Hoc|ARM64.Build.0 = Debug|Any CPU
		{E14ABCFC-35CF-4046-87F4-1551A0A936E1}.Ad-Hoc|ARM64.Deploy.0 = Debug|Any CPU
		{E14ABCFC-35CF-4046-87F4-1551A0A936E1}.Ad-Hoc|iPhone.ActiveCfg = Debug|Any CPU
		{E14ABCFC-35CF-4046-87F4-1551A0A936E1}.Ad-Hoc|iPhone.Build.0 = Debug|Any CPU
		{E14ABCFC-35CF-4046-87F4-1551A0A936E1}.Ad-Hoc|iPhone.Deploy.0 = Debug|Any CPU
		{E14ABCFC-35CF-4046-87F4-1551A0A936E1}.Ad-Hoc|iPhoneSimulator.ActiveCfg = Debug|Any CPU
		{E14ABCFC-35CF-4046-87F4-1551A0A936E1}.Ad-Hoc|iPhoneSimulator.Build.0 = Debug|Any CPU
		{E14ABCFC-35CF-4046-87F4-1551A0A936E1}.Ad-Hoc|iPhoneSimulator.Deploy.0 = Debug|Any CPU
		{E14ABCFC-35CF-4046-87F4-1551A0A936E1}.Ad-Hoc|x64.ActiveCfg = Debug|Any CPU
		{E14ABCFC-35CF-4046-87F4-1551A0A936E1}.Ad-Hoc|x64.Build.0 = Debug|Any CPU
		{E14ABCFC-35CF-4046-87F4-1551A0A936E1}.Ad-Hoc|x64.Deploy.0 = Debug|Any CPU
		{E14ABCFC-35CF-4046-87F4-1551A0A936E1}.Ad-Hoc|x86.ActiveCfg = Debug|Any CPU
		{E14ABCFC-35CF-4046-87F4-1551A0A936E1}.Ad-Hoc|x86.Build.0 = Debug|Any CPU
		{E14ABCFC-35CF-4046-87F4-1551A0A936E1}.Ad-Hoc|x86.Deploy.0 = Debug|Any CPU
		{E14ABCFC-35CF-4046-87F4-1551A0A936E1}.AppStore|Any CPU.ActiveCfg = Debug|Any CPU
		{E14ABCFC-35CF-4046-87F4-1551A0A936E1}.AppStore|Any CPU.Build.0 = Debug|Any CPU
		{E14ABCFC-35CF-4046-87F4-1551A0A936E1}.AppStore|Any CPU.Deploy.0 = Debug|Any CPU
		{E14ABCFC-35CF-4046-87F4-1551A0A936E1}.AppStore|ARM.ActiveCfg = Debug|Any CPU
		{E14ABCFC-35CF-4046-87F4-1551A0A936E1}.AppStore|ARM.Build.0 = Debug|Any CPU
		{E14ABCFC-35CF-4046-87F4-1551A0A936E1}.AppStore|ARM.Deploy.0 = Debug|Any CPU
		{E14ABCFC-35CF-4046-87F4-1551A0A936E1}.AppStore|ARM64.ActiveCfg = Debug|Any CPU
		{E14ABCFC-35CF-4046-87F4-1551A0A936E1}.AppStore|ARM64.Build.0 = Debug|Any CPU
		{E14ABCFC-35CF-4046-87F4-1551A0A936E1}.AppStore|ARM64.Deploy.0 = Debug|Any CPU
		{E14ABCFC-35CF-4046-87F4-1551A0A936E1}.AppStore|iPhone.ActiveCfg = Debug|Any CPU
		{E14ABCFC-35CF-4046-87F4-1551A0A936E1}.AppStore|iPhone.Build.0 = Debug|Any CPU
		{E14ABCFC-35CF-4046-87F4-1551A0A936E1}.AppStore|iPhone.Deploy.0 = Debug|Any CPU
		{E14ABCFC-35CF-4046-87F4-1551A0A936E1}.AppStore|iPhoneSimulator.ActiveCfg = Debug|Any CPU
		{E14ABCFC-35CF-4046-87F4-1551A0A936E1}.AppStore|iPhoneSimulator.Build.0 = Debug|Any CPU
		{E14ABCFC-35CF-4046-87F4-1551A0A936E1}.AppStore|iPhoneSimulator.Deploy.0 = Debug|Any CPU
		{E14ABCFC-35CF-4046-87F4-1551A0A936E1}.AppStore|x64.ActiveCfg = Debug|Any CPU
		{E14ABCFC-35CF-4046-87F4-1551A0A936E1}.AppStore|x64.Build.0 = Debug|Any CPU
		{E14ABCFC-35CF-4046-87F4-1551A0A936E1}.AppStore|x64.Deploy.0 = Debug|Any CPU
		{E14ABCFC-35CF-4046-87F4-1551A0A936E1}.AppStore|x86.ActiveCfg = Debug|Any CPU
		{E14ABCFC-35CF-4046-87F4-1551A0A936E1}.AppStore|x86.Build.0 = Debug|Any CPU
		{E14ABCFC-35CF-4046-87F4-1551A0A936E1}.AppStore|x86.Deploy.0 = Debug|Any CPU
		{E14ABCFC-35CF-4046-87F4-1551A0A936E1}.Debug|Any CPU.ActiveCfg = Debug|Any CPU
		{E14ABCFC-35CF-4046-87F4-1551A0A936E1}.Debug|Any CPU.Build.0 = Debug|Any CPU
		{E14ABCFC-35CF-4046-87F4-1551A0A936E1}.Debug|Any CPU.Deploy.0 = Debug|Any CPU
		{E14ABCFC-35CF-4046-87F4-1551A0A936E1}.Debug|ARM.ActiveCfg = Debug|Any CPU
		{E14ABCFC-35CF-4046-87F4-1551A0A936E1}.Debug|ARM.Build.0 = Debug|Any CPU
		{E14ABCFC-35CF-4046-87F4-1551A0A936E1}.Debug|ARM.Deploy.0 = Debug|Any CPU
		{E14ABCFC-35CF-4046-87F4-1551A0A936E1}.Debug|ARM64.ActiveCfg = Debug|Any CPU
		{E14ABCFC-35CF-4046-87F4-1551A0A936E1}.Debug|ARM64.Build.0 = Debug|Any CPU
		{E14ABCFC-35CF-4046-87F4-1551A0A936E1}.Debug|ARM64.Deploy.0 = Debug|Any CPU
		{E14ABCFC-35CF-4046-87F4-1551A0A936E1}.Debug|iPhone.ActiveCfg = Debug|Any CPU
		{E14ABCFC-35CF-4046-87F4-1551A0A936E1}.Debug|iPhone.Build.0 = Debug|Any CPU
		{E14ABCFC-35CF-4046-87F4-1551A0A936E1}.Debug|iPhone.Deploy.0 = Debug|Any CPU
		{E14ABCFC-35CF-4046-87F4-1551A0A936E1}.Debug|iPhoneSimulator.ActiveCfg = Debug|Any CPU
		{E14ABCFC-35CF-4046-87F4-1551A0A936E1}.Debug|iPhoneSimulator.Build.0 = Debug|Any CPU
		{E14ABCFC-35CF-4046-87F4-1551A0A936E1}.Debug|iPhoneSimulator.Deploy.0 = Debug|Any CPU
		{E14ABCFC-35CF-4046-87F4-1551A0A936E1}.Debug|x64.ActiveCfg = Debug|Any CPU
		{E14ABCFC-35CF-4046-87F4-1551A0A936E1}.Debug|x64.Build.0 = Debug|Any CPU
		{E14ABCFC-35CF-4046-87F4-1551A0A936E1}.Debug|x64.Deploy.0 = Debug|Any CPU
		{E14ABCFC-35CF-4046-87F4-1551A0A936E1}.Debug|x86.ActiveCfg = Debug|Any CPU
		{E14ABCFC-35CF-4046-87F4-1551A0A936E1}.Debug|x86.Build.0 = Debug|Any CPU
		{E14ABCFC-35CF-4046-87F4-1551A0A936E1}.Debug|x86.Deploy.0 = Debug|Any CPU
		{E14ABCFC-35CF-4046-87F4-1551A0A936E1}.Release|Any CPU.ActiveCfg = Release|Any CPU
		{E14ABCFC-35CF-4046-87F4-1551A0A936E1}.Release|Any CPU.Build.0 = Release|Any CPU
		{E14ABCFC-35CF-4046-87F4-1551A0A936E1}.Release|Any CPU.Deploy.0 = Release|Any CPU
		{E14ABCFC-35CF-4046-87F4-1551A0A936E1}.Release|ARM.ActiveCfg = Release|Any CPU
		{E14ABCFC-35CF-4046-87F4-1551A0A936E1}.Release|ARM.Build.0 = Release|Any CPU
		{E14ABCFC-35CF-4046-87F4-1551A0A936E1}.Release|ARM.Deploy.0 = Release|Any CPU
		{E14ABCFC-35CF-4046-87F4-1551A0A936E1}.Release|ARM64.ActiveCfg = Release|Any CPU
		{E14ABCFC-35CF-4046-87F4-1551A0A936E1}.Release|ARM64.Build.0 = Release|Any CPU
		{E14ABCFC-35CF-4046-87F4-1551A0A936E1}.Release|ARM64.Deploy.0 = Release|Any CPU
		{E14ABCFC-35CF-4046-87F4-1551A0A936E1}.Release|iPhone.ActiveCfg = Release|Any CPU
		{E14ABCFC-35CF-4046-87F4-1551A0A936E1}.Release|iPhone.Build.0 = Release|Any CPU
		{E14ABCFC-35CF-4046-87F4-1551A0A936E1}.Release|iPhone.Deploy.0 = Release|Any CPU
		{E14ABCFC-35CF-4046-87F4-1551A0A936E1}.Release|iPhoneSimulator.ActiveCfg = Release|Any CPU
		{E14ABCFC-35CF-4046-87F4-1551A0A936E1}.Release|iPhoneSimulator.Build.0 = Release|Any CPU
		{E14ABCFC-35CF-4046-87F4-1551A0A936E1}.Release|iPhoneSimulator.Deploy.0 = Release|Any CPU
		{E14ABCFC-35CF-4046-87F4-1551A0A936E1}.Release|x64.ActiveCfg = Release|Any CPU
		{E14ABCFC-35CF-4046-87F4-1551A0A936E1}.Release|x64.Build.0 = Release|Any CPU
		{E14ABCFC-35CF-4046-87F4-1551A0A936E1}.Release|x64.Deploy.0 = Release|Any CPU
		{E14ABCFC-35CF-4046-87F4-1551A0A936E1}.Release|x86.ActiveCfg = Release|Any CPU
		{E14ABCFC-35CF-4046-87F4-1551A0A936E1}.Release|x86.Build.0 = Release|Any CPU
		{E14ABCFC-35CF-4046-87F4-1551A0A936E1}.Release|x86.Deploy.0 = Release|Any CPU
		{BCF6E12C-6FD1-4976-9020-3AB911ED0A91}.Ad-Hoc|Any CPU.ActiveCfg = Ad-Hoc|iPhoneSimulator
		{BCF6E12C-6FD1-4976-9020-3AB911ED0A91}.Ad-Hoc|ARM.ActiveCfg = Ad-Hoc|iPhoneSimulator
		{BCF6E12C-6FD1-4976-9020-3AB911ED0A91}.Ad-Hoc|ARM64.ActiveCfg = Ad-Hoc|iPhoneSimulator
		{BCF6E12C-6FD1-4976-9020-3AB911ED0A91}.Ad-Hoc|iPhone.ActiveCfg = Ad-Hoc|iPhone
		{BCF6E12C-6FD1-4976-9020-3AB911ED0A91}.Ad-Hoc|iPhone.Build.0 = Ad-Hoc|iPhone
		{BCF6E12C-6FD1-4976-9020-3AB911ED0A91}.Ad-Hoc|iPhoneSimulator.ActiveCfg = Ad-Hoc|iPhoneSimulator
		{BCF6E12C-6FD1-4976-9020-3AB911ED0A91}.Ad-Hoc|iPhoneSimulator.Build.0 = Ad-Hoc|iPhoneSimulator
		{BCF6E12C-6FD1-4976-9020-3AB911ED0A91}.Ad-Hoc|x64.ActiveCfg = Ad-Hoc|iPhoneSimulator
		{BCF6E12C-6FD1-4976-9020-3AB911ED0A91}.Ad-Hoc|x86.ActiveCfg = Ad-Hoc|iPhoneSimulator
		{BCF6E12C-6FD1-4976-9020-3AB911ED0A91}.AppStore|Any CPU.ActiveCfg = AppStore|iPhoneSimulator
		{BCF6E12C-6FD1-4976-9020-3AB911ED0A91}.AppStore|ARM.ActiveCfg = AppStore|iPhoneSimulator
		{BCF6E12C-6FD1-4976-9020-3AB911ED0A91}.AppStore|ARM64.ActiveCfg = AppStore|iPhoneSimulator
		{BCF6E12C-6FD1-4976-9020-3AB911ED0A91}.AppStore|iPhone.ActiveCfg = AppStore|iPhone
		{BCF6E12C-6FD1-4976-9020-3AB911ED0A91}.AppStore|iPhone.Build.0 = AppStore|iPhone
		{BCF6E12C-6FD1-4976-9020-3AB911ED0A91}.AppStore|iPhoneSimulator.ActiveCfg = AppStore|iPhoneSimulator
		{BCF6E12C-6FD1-4976-9020-3AB911ED0A91}.AppStore|iPhoneSimulator.Build.0 = AppStore|iPhoneSimulator
		{BCF6E12C-6FD1-4976-9020-3AB911ED0A91}.AppStore|x64.ActiveCfg = AppStore|iPhoneSimulator
		{BCF6E12C-6FD1-4976-9020-3AB911ED0A91}.AppStore|x86.ActiveCfg = AppStore|iPhoneSimulator
		{BCF6E12C-6FD1-4976-9020-3AB911ED0A91}.Debug|Any CPU.ActiveCfg = Debug|iPhoneSimulator
		{BCF6E12C-6FD1-4976-9020-3AB911ED0A91}.Debug|ARM.ActiveCfg = Debug|iPhoneSimulator
		{BCF6E12C-6FD1-4976-9020-3AB911ED0A91}.Debug|ARM64.ActiveCfg = Debug|iPhoneSimulator
		{BCF6E12C-6FD1-4976-9020-3AB911ED0A91}.Debug|iPhone.ActiveCfg = Debug|iPhone
		{BCF6E12C-6FD1-4976-9020-3AB911ED0A91}.Debug|iPhone.Build.0 = Debug|iPhone
		{BCF6E12C-6FD1-4976-9020-3AB911ED0A91}.Debug|iPhoneSimulator.ActiveCfg = Debug|iPhoneSimulator
		{BCF6E12C-6FD1-4976-9020-3AB911ED0A91}.Debug|iPhoneSimulator.Build.0 = Debug|iPhoneSimulator
		{BCF6E12C-6FD1-4976-9020-3AB911ED0A91}.Debug|x64.ActiveCfg = Debug|iPhoneSimulator
		{BCF6E12C-6FD1-4976-9020-3AB911ED0A91}.Debug|x86.ActiveCfg = Debug|iPhoneSimulator
		{BCF6E12C-6FD1-4976-9020-3AB911ED0A91}.Release|Any CPU.ActiveCfg = Release|iPhoneSimulator
		{BCF6E12C-6FD1-4976-9020-3AB911ED0A91}.Release|ARM.ActiveCfg = Release|iPhoneSimulator
		{BCF6E12C-6FD1-4976-9020-3AB911ED0A91}.Release|ARM64.ActiveCfg = Release|iPhoneSimulator
		{BCF6E12C-6FD1-4976-9020-3AB911ED0A91}.Release|iPhone.ActiveCfg = Release|iPhone
		{BCF6E12C-6FD1-4976-9020-3AB911ED0A91}.Release|iPhone.Build.0 = Release|iPhone
		{BCF6E12C-6FD1-4976-9020-3AB911ED0A91}.Release|iPhoneSimulator.ActiveCfg = Release|iPhoneSimulator
		{BCF6E12C-6FD1-4976-9020-3AB911ED0A91}.Release|iPhoneSimulator.Build.0 = Release|iPhoneSimulator
		{BCF6E12C-6FD1-4976-9020-3AB911ED0A91}.Release|x64.ActiveCfg = Release|iPhoneSimulator
		{BCF6E12C-6FD1-4976-9020-3AB911ED0A91}.Release|x86.ActiveCfg = Release|iPhoneSimulator
		{41533A72-CF6B-47C2-90CC-BEA4EE2B756E}.Ad-Hoc|Any CPU.ActiveCfg = Debug|x86
		{41533A72-CF6B-47C2-90CC-BEA4EE2B756E}.Ad-Hoc|Any CPU.Build.0 = Debug|x86
		{41533A72-CF6B-47C2-90CC-BEA4EE2B756E}.Ad-Hoc|Any CPU.Deploy.0 = Debug|x86
		{41533A72-CF6B-47C2-90CC-BEA4EE2B756E}.Ad-Hoc|ARM.ActiveCfg = Debug|ARM
		{41533A72-CF6B-47C2-90CC-BEA4EE2B756E}.Ad-Hoc|ARM.Build.0 = Debug|ARM
		{41533A72-CF6B-47C2-90CC-BEA4EE2B756E}.Ad-Hoc|ARM.Deploy.0 = Debug|ARM
		{41533A72-CF6B-47C2-90CC-BEA4EE2B756E}.Ad-Hoc|ARM64.ActiveCfg = Debug|ARM64
		{41533A72-CF6B-47C2-90CC-BEA4EE2B756E}.Ad-Hoc|ARM64.Build.0 = Debug|ARM64
		{41533A72-CF6B-47C2-90CC-BEA4EE2B756E}.Ad-Hoc|ARM64.Deploy.0 = Debug|ARM64
		{41533A72-CF6B-47C2-90CC-BEA4EE2B756E}.Ad-Hoc|iPhone.ActiveCfg = Debug|x86
		{41533A72-CF6B-47C2-90CC-BEA4EE2B756E}.Ad-Hoc|iPhone.Build.0 = Debug|x86
		{41533A72-CF6B-47C2-90CC-BEA4EE2B756E}.Ad-Hoc|iPhone.Deploy.0 = Debug|x86
		{41533A72-CF6B-47C2-90CC-BEA4EE2B756E}.Ad-Hoc|iPhoneSimulator.ActiveCfg = Debug|x86
		{41533A72-CF6B-47C2-90CC-BEA4EE2B756E}.Ad-Hoc|iPhoneSimulator.Build.0 = Debug|x86
		{41533A72-CF6B-47C2-90CC-BEA4EE2B756E}.Ad-Hoc|iPhoneSimulator.Deploy.0 = Debug|x86
		{41533A72-CF6B-47C2-90CC-BEA4EE2B756E}.Ad-Hoc|x64.ActiveCfg = Debug|x64
		{41533A72-CF6B-47C2-90CC-BEA4EE2B756E}.Ad-Hoc|x64.Build.0 = Debug|x64
		{41533A72-CF6B-47C2-90CC-BEA4EE2B756E}.Ad-Hoc|x64.Deploy.0 = Debug|x64
		{41533A72-CF6B-47C2-90CC-BEA4EE2B756E}.Ad-Hoc|x86.ActiveCfg = Debug|x86
		{41533A72-CF6B-47C2-90CC-BEA4EE2B756E}.Ad-Hoc|x86.Build.0 = Debug|x86
		{41533A72-CF6B-47C2-90CC-BEA4EE2B756E}.Ad-Hoc|x86.Deploy.0 = Debug|x86
		{41533A72-CF6B-47C2-90CC-BEA4EE2B756E}.AppStore|Any CPU.ActiveCfg = Debug|x86
		{41533A72-CF6B-47C2-90CC-BEA4EE2B756E}.AppStore|Any CPU.Build.0 = Debug|x86
		{41533A72-CF6B-47C2-90CC-BEA4EE2B756E}.AppStore|Any CPU.Deploy.0 = Debug|x86
		{41533A72-CF6B-47C2-90CC-BEA4EE2B756E}.AppStore|ARM.ActiveCfg = Debug|ARM
		{41533A72-CF6B-47C2-90CC-BEA4EE2B756E}.AppStore|ARM.Build.0 = Debug|ARM
		{41533A72-CF6B-47C2-90CC-BEA4EE2B756E}.AppStore|ARM.Deploy.0 = Debug|ARM
		{41533A72-CF6B-47C2-90CC-BEA4EE2B756E}.AppStore|ARM64.ActiveCfg = Debug|ARM64
		{41533A72-CF6B-47C2-90CC-BEA4EE2B756E}.AppStore|ARM64.Build.0 = Debug|ARM64
		{41533A72-CF6B-47C2-90CC-BEA4EE2B756E}.AppStore|ARM64.Deploy.0 = Debug|ARM64
		{41533A72-CF6B-47C2-90CC-BEA4EE2B756E}.AppStore|iPhone.ActiveCfg = Debug|x86
		{41533A72-CF6B-47C2-90CC-BEA4EE2B756E}.AppStore|iPhone.Build.0 = Debug|x86
		{41533A72-CF6B-47C2-90CC-BEA4EE2B756E}.AppStore|iPhone.Deploy.0 = Debug|x86
		{41533A72-CF6B-47C2-90CC-BEA4EE2B756E}.AppStore|iPhoneSimulator.ActiveCfg = Debug|x86
		{41533A72-CF6B-47C2-90CC-BEA4EE2B756E}.AppStore|iPhoneSimulator.Build.0 = Debug|x86
		{41533A72-CF6B-47C2-90CC-BEA4EE2B756E}.AppStore|iPhoneSimulator.Deploy.0 = Debug|x86
		{41533A72-CF6B-47C2-90CC-BEA4EE2B756E}.AppStore|x64.ActiveCfg = Debug|x64
		{41533A72-CF6B-47C2-90CC-BEA4EE2B756E}.AppStore|x64.Build.0 = Debug|x64
		{41533A72-CF6B-47C2-90CC-BEA4EE2B756E}.AppStore|x64.Deploy.0 = Debug|x64
		{41533A72-CF6B-47C2-90CC-BEA4EE2B756E}.AppStore|x86.ActiveCfg = Debug|x86
		{41533A72-CF6B-47C2-90CC-BEA4EE2B756E}.AppStore|x86.Build.0 = Debug|x86
		{41533A72-CF6B-47C2-90CC-BEA4EE2B756E}.AppStore|x86.Deploy.0 = Debug|x86
		{41533A72-CF6B-47C2-90CC-BEA4EE2B756E}.Debug|Any CPU.ActiveCfg = Debug|x86
		{41533A72-CF6B-47C2-90CC-BEA4EE2B756E}.Debug|Any CPU.Build.0 = Debug|x86
		{41533A72-CF6B-47C2-90CC-BEA4EE2B756E}.Debug|Any CPU.Deploy.0 = Debug|x86
		{41533A72-CF6B-47C2-90CC-BEA4EE2B756E}.Debug|ARM.ActiveCfg = Debug|ARM
		{41533A72-CF6B-47C2-90CC-BEA4EE2B756E}.Debug|ARM.Build.0 = Debug|ARM
		{41533A72-CF6B-47C2-90CC-BEA4EE2B756E}.Debug|ARM.Deploy.0 = Debug|ARM
		{41533A72-CF6B-47C2-90CC-BEA4EE2B756E}.Debug|ARM64.ActiveCfg = Debug|ARM64
		{41533A72-CF6B-47C2-90CC-BEA4EE2B756E}.Debug|ARM64.Build.0 = Debug|ARM64
		{41533A72-CF6B-47C2-90CC-BEA4EE2B756E}.Debug|ARM64.Deploy.0 = Debug|ARM64
		{41533A72-CF6B-47C2-90CC-BEA4EE2B756E}.Debug|iPhone.ActiveCfg = Debug|x86
		{41533A72-CF6B-47C2-90CC-BEA4EE2B756E}.Debug|iPhoneSimulator.ActiveCfg = Debug|x86
		{41533A72-CF6B-47C2-90CC-BEA4EE2B756E}.Debug|x64.ActiveCfg = Debug|x64
		{41533A72-CF6B-47C2-90CC-BEA4EE2B756E}.Debug|x64.Build.0 = Debug|x64
		{41533A72-CF6B-47C2-90CC-BEA4EE2B756E}.Debug|x64.Deploy.0 = Debug|x64
		{41533A72-CF6B-47C2-90CC-BEA4EE2B756E}.Debug|x86.ActiveCfg = Debug|x86
		{41533A72-CF6B-47C2-90CC-BEA4EE2B756E}.Debug|x86.Build.0 = Debug|x86
		{41533A72-CF6B-47C2-90CC-BEA4EE2B756E}.Debug|x86.Deploy.0 = Debug|x86
		{41533A72-CF6B-47C2-90CC-BEA4EE2B756E}.Release|Any CPU.ActiveCfg = Release|x86
		{41533A72-CF6B-47C2-90CC-BEA4EE2B756E}.Release|ARM.ActiveCfg = Release|ARM
		{41533A72-CF6B-47C2-90CC-BEA4EE2B756E}.Release|ARM.Build.0 = Release|ARM
		{41533A72-CF6B-47C2-90CC-BEA4EE2B756E}.Release|ARM.Deploy.0 = Release|ARM
		{41533A72-CF6B-47C2-90CC-BEA4EE2B756E}.Release|ARM64.ActiveCfg = Release|ARM64
		{41533A72-CF6B-47C2-90CC-BEA4EE2B756E}.Release|ARM64.Build.0 = Release|ARM64
		{41533A72-CF6B-47C2-90CC-BEA4EE2B756E}.Release|ARM64.Deploy.0 = Release|ARM64
		{41533A72-CF6B-47C2-90CC-BEA4EE2B756E}.Release|iPhone.ActiveCfg = Release|x86
		{41533A72-CF6B-47C2-90CC-BEA4EE2B756E}.Release|iPhoneSimulator.ActiveCfg = Release|x86
		{41533A72-CF6B-47C2-90CC-BEA4EE2B756E}.Release|x64.ActiveCfg = Release|x64
		{41533A72-CF6B-47C2-90CC-BEA4EE2B756E}.Release|x64.Build.0 = Release|x64
		{41533A72-CF6B-47C2-90CC-BEA4EE2B756E}.Release|x64.Deploy.0 = Release|x64
		{41533A72-CF6B-47C2-90CC-BEA4EE2B756E}.Release|x86.ActiveCfg = Release|x86
		{41533A72-CF6B-47C2-90CC-BEA4EE2B756E}.Release|x86.Build.0 = Release|x86
		{41533A72-CF6B-47C2-90CC-BEA4EE2B756E}.Release|x86.Deploy.0 = Release|x86
		{3BC6E6C3-8378-4D5C-9DC1-54BC0FFF24CE}.Ad-Hoc|Any CPU.ActiveCfg = Debug|Any CPU
		{3BC6E6C3-8378-4D5C-9DC1-54BC0FFF24CE}.Ad-Hoc|Any CPU.Build.0 = Debug|Any CPU
		{3BC6E6C3-8378-4D5C-9DC1-54BC0FFF24CE}.Ad-Hoc|ARM.ActiveCfg = Debug|Any CPU
		{3BC6E6C3-8378-4D5C-9DC1-54BC0FFF24CE}.Ad-Hoc|ARM.Build.0 = Debug|Any CPU
		{3BC6E6C3-8378-4D5C-9DC1-54BC0FFF24CE}.Ad-Hoc|ARM64.ActiveCfg = Debug|Any CPU
		{3BC6E6C3-8378-4D5C-9DC1-54BC0FFF24CE}.Ad-Hoc|ARM64.Build.0 = Debug|Any CPU
		{3BC6E6C3-8378-4D5C-9DC1-54BC0FFF24CE}.Ad-Hoc|iPhone.ActiveCfg = Debug|Any CPU
		{3BC6E6C3-8378-4D5C-9DC1-54BC0FFF24CE}.Ad-Hoc|iPhone.Build.0 = Debug|Any CPU
		{3BC6E6C3-8378-4D5C-9DC1-54BC0FFF24CE}.Ad-Hoc|iPhoneSimulator.ActiveCfg = Debug|Any CPU
		{3BC6E6C3-8378-4D5C-9DC1-54BC0FFF24CE}.Ad-Hoc|iPhoneSimulator.Build.0 = Debug|Any CPU
		{3BC6E6C3-8378-4D5C-9DC1-54BC0FFF24CE}.Ad-Hoc|x64.ActiveCfg = Debug|Any CPU
		{3BC6E6C3-8378-4D5C-9DC1-54BC0FFF24CE}.Ad-Hoc|x64.Build.0 = Debug|Any CPU
		{3BC6E6C3-8378-4D5C-9DC1-54BC0FFF24CE}.Ad-Hoc|x86.ActiveCfg = Debug|Any CPU
		{3BC6E6C3-8378-4D5C-9DC1-54BC0FFF24CE}.Ad-Hoc|x86.Build.0 = Debug|Any CPU
		{3BC6E6C3-8378-4D5C-9DC1-54BC0FFF24CE}.AppStore|Any CPU.ActiveCfg = Debug|Any CPU
		{3BC6E6C3-8378-4D5C-9DC1-54BC0FFF24CE}.AppStore|Any CPU.Build.0 = Debug|Any CPU
		{3BC6E6C3-8378-4D5C-9DC1-54BC0FFF24CE}.AppStore|ARM.ActiveCfg = Debug|Any CPU
		{3BC6E6C3-8378-4D5C-9DC1-54BC0FFF24CE}.AppStore|ARM.Build.0 = Debug|Any CPU
		{3BC6E6C3-8378-4D5C-9DC1-54BC0FFF24CE}.AppStore|ARM64.ActiveCfg = Debug|Any CPU
		{3BC6E6C3-8378-4D5C-9DC1-54BC0FFF24CE}.AppStore|ARM64.Build.0 = Debug|Any CPU
		{3BC6E6C3-8378-4D5C-9DC1-54BC0FFF24CE}.AppStore|iPhone.ActiveCfg = Debug|Any CPU
		{3BC6E6C3-8378-4D5C-9DC1-54BC0FFF24CE}.AppStore|iPhone.Build.0 = Debug|Any CPU
		{3BC6E6C3-8378-4D5C-9DC1-54BC0FFF24CE}.AppStore|iPhoneSimulator.ActiveCfg = Debug|Any CPU
		{3BC6E6C3-8378-4D5C-9DC1-54BC0FFF24CE}.AppStore|iPhoneSimulator.Build.0 = Debug|Any CPU
		{3BC6E6C3-8378-4D5C-9DC1-54BC0FFF24CE}.AppStore|x64.ActiveCfg = Debug|Any CPU
		{3BC6E6C3-8378-4D5C-9DC1-54BC0FFF24CE}.AppStore|x64.Build.0 = Debug|Any CPU
		{3BC6E6C3-8378-4D5C-9DC1-54BC0FFF24CE}.AppStore|x86.ActiveCfg = Debug|Any CPU
		{3BC6E6C3-8378-4D5C-9DC1-54BC0FFF24CE}.AppStore|x86.Build.0 = Debug|Any CPU
		{3BC6E6C3-8378-4D5C-9DC1-54BC0FFF24CE}.Debug|Any CPU.ActiveCfg = Debug|Any CPU
		{3BC6E6C3-8378-4D5C-9DC1-54BC0FFF24CE}.Debug|Any CPU.Build.0 = Debug|Any CPU
		{3BC6E6C3-8378-4D5C-9DC1-54BC0FFF24CE}.Debug|ARM.ActiveCfg = Debug|Any CPU
		{3BC6E6C3-8378-4D5C-9DC1-54BC0FFF24CE}.Debug|ARM.Build.0 = Debug|Any CPU
		{3BC6E6C3-8378-4D5C-9DC1-54BC0FFF24CE}.Debug|ARM64.ActiveCfg = Debug|Any CPU
		{3BC6E6C3-8378-4D5C-9DC1-54BC0FFF24CE}.Debug|ARM64.Build.0 = Debug|Any CPU
		{3BC6E6C3-8378-4D5C-9DC1-54BC0FFF24CE}.Debug|iPhone.ActiveCfg = Debug|Any CPU
		{3BC6E6C3-8378-4D5C-9DC1-54BC0FFF24CE}.Debug|iPhone.Build.0 = Debug|Any CPU
		{3BC6E6C3-8378-4D5C-9DC1-54BC0FFF24CE}.Debug|iPhoneSimulator.ActiveCfg = Debug|Any CPU
		{3BC6E6C3-8378-4D5C-9DC1-54BC0FFF24CE}.Debug|iPhoneSimulator.Build.0 = Debug|Any CPU
		{3BC6E6C3-8378-4D5C-9DC1-54BC0FFF24CE}.Debug|x64.ActiveCfg = Debug|Any CPU
		{3BC6E6C3-8378-4D5C-9DC1-54BC0FFF24CE}.Debug|x64.Build.0 = Debug|Any CPU
		{3BC6E6C3-8378-4D5C-9DC1-54BC0FFF24CE}.Debug|x86.ActiveCfg = Debug|Any CPU
		{3BC6E6C3-8378-4D5C-9DC1-54BC0FFF24CE}.Debug|x86.Build.0 = Debug|Any CPU
		{3BC6E6C3-8378-4D5C-9DC1-54BC0FFF24CE}.Release|Any CPU.ActiveCfg = Release|Any CPU
		{3BC6E6C3-8378-4D5C-9DC1-54BC0FFF24CE}.Release|Any CPU.Build.0 = Release|Any CPU
		{3BC6E6C3-8378-4D5C-9DC1-54BC0FFF24CE}.Release|ARM.ActiveCfg = Release|Any CPU
		{3BC6E6C3-8378-4D5C-9DC1-54BC0FFF24CE}.Release|ARM.Build.0 = Release|Any CPU
		{3BC6E6C3-8378-4D5C-9DC1-54BC0FFF24CE}.Release|ARM64.ActiveCfg = Release|Any CPU
		{3BC6E6C3-8378-4D5C-9DC1-54BC0FFF24CE}.Release|ARM64.Build.0 = Release|Any CPU
		{3BC6E6C3-8378-4D5C-9DC1-54BC0FFF24CE}.Release|iPhone.ActiveCfg = Release|Any CPU
		{3BC6E6C3-8378-4D5C-9DC1-54BC0FFF24CE}.Release|iPhone.Build.0 = Release|Any CPU
		{3BC6E6C3-8378-4D5C-9DC1-54BC0FFF24CE}.Release|iPhoneSimulator.ActiveCfg = Release|Any CPU
		{3BC6E6C3-8378-4D5C-9DC1-54BC0FFF24CE}.Release|iPhoneSimulator.Build.0 = Release|Any CPU
		{3BC6E6C3-8378-4D5C-9DC1-54BC0FFF24CE}.Release|x64.ActiveCfg = Release|Any CPU
		{3BC6E6C3-8378-4D5C-9DC1-54BC0FFF24CE}.Release|x64.Build.0 = Release|Any CPU
		{3BC6E6C3-8378-4D5C-9DC1-54BC0FFF24CE}.Release|x86.ActiveCfg = Release|Any CPU
		{3BC6E6C3-8378-4D5C-9DC1-54BC0FFF24CE}.Release|x86.Build.0 = Release|Any CPU
		{D5F7907E-CA1A-49E2-B9C1-4E2FAE65240F}.Ad-Hoc|Any CPU.ActiveCfg = Debug|iPhoneSimulator
		{D5F7907E-CA1A-49E2-B9C1-4E2FAE65240F}.Ad-Hoc|Any CPU.Build.0 = Debug|iPhoneSimulator
		{D5F7907E-CA1A-49E2-B9C1-4E2FAE65240F}.Ad-Hoc|ARM.ActiveCfg = Debug|iPhoneSimulator
		{D5F7907E-CA1A-49E2-B9C1-4E2FAE65240F}.Ad-Hoc|ARM.Build.0 = Debug|iPhoneSimulator
		{D5F7907E-CA1A-49E2-B9C1-4E2FAE65240F}.Ad-Hoc|ARM64.ActiveCfg = Debug|iPhoneSimulator
		{D5F7907E-CA1A-49E2-B9C1-4E2FAE65240F}.Ad-Hoc|ARM64.Build.0 = Debug|iPhoneSimulator
		{D5F7907E-CA1A-49E2-B9C1-4E2FAE65240F}.Ad-Hoc|iPhone.ActiveCfg = Debug|iPhoneSimulator
		{D5F7907E-CA1A-49E2-B9C1-4E2FAE65240F}.Ad-Hoc|iPhone.Build.0 = Debug|iPhoneSimulator
		{D5F7907E-CA1A-49E2-B9C1-4E2FAE65240F}.Ad-Hoc|iPhoneSimulator.ActiveCfg = Debug|iPhoneSimulator
		{D5F7907E-CA1A-49E2-B9C1-4E2FAE65240F}.Ad-Hoc|iPhoneSimulator.Build.0 = Debug|iPhoneSimulator
		{D5F7907E-CA1A-49E2-B9C1-4E2FAE65240F}.Ad-Hoc|x64.ActiveCfg = Debug|iPhoneSimulator
		{D5F7907E-CA1A-49E2-B9C1-4E2FAE65240F}.Ad-Hoc|x64.Build.0 = Debug|iPhoneSimulator
		{D5F7907E-CA1A-49E2-B9C1-4E2FAE65240F}.Ad-Hoc|x86.ActiveCfg = Debug|iPhoneSimulator
		{D5F7907E-CA1A-49E2-B9C1-4E2FAE65240F}.Ad-Hoc|x86.Build.0 = Debug|iPhoneSimulator
		{D5F7907E-CA1A-49E2-B9C1-4E2FAE65240F}.AppStore|Any CPU.ActiveCfg = Debug|iPhoneSimulator
		{D5F7907E-CA1A-49E2-B9C1-4E2FAE65240F}.AppStore|Any CPU.Build.0 = Debug|iPhoneSimulator
		{D5F7907E-CA1A-49E2-B9C1-4E2FAE65240F}.AppStore|ARM.ActiveCfg = Debug|iPhoneSimulator
		{D5F7907E-CA1A-49E2-B9C1-4E2FAE65240F}.AppStore|ARM.Build.0 = Debug|iPhoneSimulator
		{D5F7907E-CA1A-49E2-B9C1-4E2FAE65240F}.AppStore|ARM64.ActiveCfg = Debug|iPhoneSimulator
		{D5F7907E-CA1A-49E2-B9C1-4E2FAE65240F}.AppStore|ARM64.Build.0 = Debug|iPhoneSimulator
		{D5F7907E-CA1A-49E2-B9C1-4E2FAE65240F}.AppStore|iPhone.ActiveCfg = Debug|iPhoneSimulator
		{D5F7907E-CA1A-49E2-B9C1-4E2FAE65240F}.AppStore|iPhone.Build.0 = Debug|iPhoneSimulator
		{D5F7907E-CA1A-49E2-B9C1-4E2FAE65240F}.AppStore|iPhoneSimulator.ActiveCfg = Debug|iPhoneSimulator
		{D5F7907E-CA1A-49E2-B9C1-4E2FAE65240F}.AppStore|iPhoneSimulator.Build.0 = Debug|iPhoneSimulator
		{D5F7907E-CA1A-49E2-B9C1-4E2FAE65240F}.AppStore|x64.ActiveCfg = Debug|iPhoneSimulator
		{D5F7907E-CA1A-49E2-B9C1-4E2FAE65240F}.AppStore|x64.Build.0 = Debug|iPhoneSimulator
		{D5F7907E-CA1A-49E2-B9C1-4E2FAE65240F}.AppStore|x86.ActiveCfg = Debug|iPhoneSimulator
		{D5F7907E-CA1A-49E2-B9C1-4E2FAE65240F}.AppStore|x86.Build.0 = Debug|iPhoneSimulator
		{D5F7907E-CA1A-49E2-B9C1-4E2FAE65240F}.Debug|Any CPU.ActiveCfg = Debug|iPhoneSimulator
		{D5F7907E-CA1A-49E2-B9C1-4E2FAE65240F}.Debug|ARM.ActiveCfg = Debug|iPhoneSimulator
		{D5F7907E-CA1A-49E2-B9C1-4E2FAE65240F}.Debug|ARM64.ActiveCfg = Debug|iPhoneSimulator
		{D5F7907E-CA1A-49E2-B9C1-4E2FAE65240F}.Debug|iPhone.ActiveCfg = Debug|iPhoneSimulator
		{D5F7907E-CA1A-49E2-B9C1-4E2FAE65240F}.Debug|iPhoneSimulator.ActiveCfg = Debug|iPhoneSimulator
		{D5F7907E-CA1A-49E2-B9C1-4E2FAE65240F}.Debug|iPhoneSimulator.Build.0 = Debug|iPhoneSimulator
		{D5F7907E-CA1A-49E2-B9C1-4E2FAE65240F}.Debug|x64.ActiveCfg = Debug|iPhoneSimulator
		{D5F7907E-CA1A-49E2-B9C1-4E2FAE65240F}.Debug|x86.ActiveCfg = Debug|iPhoneSimulator
		{D5F7907E-CA1A-49E2-B9C1-4E2FAE65240F}.Release|Any CPU.ActiveCfg = Release|iPhoneSimulator
		{D5F7907E-CA1A-49E2-B9C1-4E2FAE65240F}.Release|ARM.ActiveCfg = Release|iPhoneSimulator
		{D5F7907E-CA1A-49E2-B9C1-4E2FAE65240F}.Release|ARM64.ActiveCfg = Release|iPhoneSimulator
		{D5F7907E-CA1A-49E2-B9C1-4E2FAE65240F}.Release|iPhone.ActiveCfg = Release|iPhoneSimulator
		{D5F7907E-CA1A-49E2-B9C1-4E2FAE65240F}.Release|iPhoneSimulator.ActiveCfg = Release|iPhoneSimulator
		{D5F7907E-CA1A-49E2-B9C1-4E2FAE65240F}.Release|iPhoneSimulator.Build.0 = Release|iPhoneSimulator
		{D5F7907E-CA1A-49E2-B9C1-4E2FAE65240F}.Release|x64.ActiveCfg = Release|iPhoneSimulator
		{D5F7907E-CA1A-49E2-B9C1-4E2FAE65240F}.Release|x86.ActiveCfg = Release|iPhoneSimulator
		{BE9A4636-0856-4EEC-97C7-5326E88ADDCC}.Ad-Hoc|Any CPU.ActiveCfg = Debug|Any CPU
		{BE9A4636-0856-4EEC-97C7-5326E88ADDCC}.Ad-Hoc|Any CPU.Build.0 = Debug|Any CPU
		{BE9A4636-0856-4EEC-97C7-5326E88ADDCC}.Ad-Hoc|ARM.ActiveCfg = Debug|Any CPU
		{BE9A4636-0856-4EEC-97C7-5326E88ADDCC}.Ad-Hoc|ARM.Build.0 = Debug|Any CPU
		{BE9A4636-0856-4EEC-97C7-5326E88ADDCC}.Ad-Hoc|ARM64.ActiveCfg = Debug|Any CPU
		{BE9A4636-0856-4EEC-97C7-5326E88ADDCC}.Ad-Hoc|ARM64.Build.0 = Debug|Any CPU
		{BE9A4636-0856-4EEC-97C7-5326E88ADDCC}.Ad-Hoc|iPhone.ActiveCfg = Debug|Any CPU
		{BE9A4636-0856-4EEC-97C7-5326E88ADDCC}.Ad-Hoc|iPhone.Build.0 = Debug|Any CPU
		{BE9A4636-0856-4EEC-97C7-5326E88ADDCC}.Ad-Hoc|iPhoneSimulator.ActiveCfg = Debug|Any CPU
		{BE9A4636-0856-4EEC-97C7-5326E88ADDCC}.Ad-Hoc|iPhoneSimulator.Build.0 = Debug|Any CPU
		{BE9A4636-0856-4EEC-97C7-5326E88ADDCC}.Ad-Hoc|x64.ActiveCfg = Debug|Any CPU
		{BE9A4636-0856-4EEC-97C7-5326E88ADDCC}.Ad-Hoc|x64.Build.0 = Debug|Any CPU
		{BE9A4636-0856-4EEC-97C7-5326E88ADDCC}.Ad-Hoc|x86.ActiveCfg = Debug|Any CPU
		{BE9A4636-0856-4EEC-97C7-5326E88ADDCC}.Ad-Hoc|x86.Build.0 = Debug|Any CPU
		{BE9A4636-0856-4EEC-97C7-5326E88ADDCC}.AppStore|Any CPU.ActiveCfg = Debug|Any CPU
		{BE9A4636-0856-4EEC-97C7-5326E88ADDCC}.AppStore|Any CPU.Build.0 = Debug|Any CPU
		{BE9A4636-0856-4EEC-97C7-5326E88ADDCC}.AppStore|ARM.ActiveCfg = Debug|Any CPU
		{BE9A4636-0856-4EEC-97C7-5326E88ADDCC}.AppStore|ARM.Build.0 = Debug|Any CPU
		{BE9A4636-0856-4EEC-97C7-5326E88ADDCC}.AppStore|ARM64.ActiveCfg = Debug|Any CPU
		{BE9A4636-0856-4EEC-97C7-5326E88ADDCC}.AppStore|ARM64.Build.0 = Debug|Any CPU
		{BE9A4636-0856-4EEC-97C7-5326E88ADDCC}.AppStore|iPhone.ActiveCfg = Debug|Any CPU
		{BE9A4636-0856-4EEC-97C7-5326E88ADDCC}.AppStore|iPhone.Build.0 = Debug|Any CPU
		{BE9A4636-0856-4EEC-97C7-5326E88ADDCC}.AppStore|iPhoneSimulator.ActiveCfg = Debug|Any CPU
		{BE9A4636-0856-4EEC-97C7-5326E88ADDCC}.AppStore|iPhoneSimulator.Build.0 = Debug|Any CPU
		{BE9A4636-0856-4EEC-97C7-5326E88ADDCC}.AppStore|x64.ActiveCfg = Debug|Any CPU
		{BE9A4636-0856-4EEC-97C7-5326E88ADDCC}.AppStore|x64.Build.0 = Debug|Any CPU
		{BE9A4636-0856-4EEC-97C7-5326E88ADDCC}.AppStore|x86.ActiveCfg = Debug|Any CPU
		{BE9A4636-0856-4EEC-97C7-5326E88ADDCC}.AppStore|x86.Build.0 = Debug|Any CPU
		{BE9A4636-0856-4EEC-97C7-5326E88ADDCC}.Debug|Any CPU.ActiveCfg = Debug|Any CPU
		{BE9A4636-0856-4EEC-97C7-5326E88ADDCC}.Debug|Any CPU.Build.0 = Debug|Any CPU
		{BE9A4636-0856-4EEC-97C7-5326E88ADDCC}.Debug|ARM.ActiveCfg = Debug|Any CPU
		{BE9A4636-0856-4EEC-97C7-5326E88ADDCC}.Debug|ARM.Build.0 = Debug|Any CPU
		{BE9A4636-0856-4EEC-97C7-5326E88ADDCC}.Debug|ARM64.ActiveCfg = Debug|Any CPU
		{BE9A4636-0856-4EEC-97C7-5326E88ADDCC}.Debug|ARM64.Build.0 = Debug|Any CPU
		{BE9A4636-0856-4EEC-97C7-5326E88ADDCC}.Debug|iPhone.ActiveCfg = Debug|Any CPU
		{BE9A4636-0856-4EEC-97C7-5326E88ADDCC}.Debug|iPhone.Build.0 = Debug|Any CPU
		{BE9A4636-0856-4EEC-97C7-5326E88ADDCC}.Debug|iPhoneSimulator.ActiveCfg = Debug|Any CPU
		{BE9A4636-0856-4EEC-97C7-5326E88ADDCC}.Debug|iPhoneSimulator.Build.0 = Debug|Any CPU
		{BE9A4636-0856-4EEC-97C7-5326E88ADDCC}.Debug|x64.ActiveCfg = Debug|Any CPU
		{BE9A4636-0856-4EEC-97C7-5326E88ADDCC}.Debug|x64.Build.0 = Debug|Any CPU
		{BE9A4636-0856-4EEC-97C7-5326E88ADDCC}.Debug|x86.ActiveCfg = Debug|Any CPU
		{BE9A4636-0856-4EEC-97C7-5326E88ADDCC}.Debug|x86.Build.0 = Debug|Any CPU
		{BE9A4636-0856-4EEC-97C7-5326E88ADDCC}.Release|Any CPU.ActiveCfg = Release|Any CPU
		{BE9A4636-0856-4EEC-97C7-5326E88ADDCC}.Release|Any CPU.Build.0 = Release|Any CPU
		{BE9A4636-0856-4EEC-97C7-5326E88ADDCC}.Release|ARM.ActiveCfg = Release|Any CPU
		{BE9A4636-0856-4EEC-97C7-5326E88ADDCC}.Release|ARM.Build.0 = Release|Any CPU
		{BE9A4636-0856-4EEC-97C7-5326E88ADDCC}.Release|ARM64.ActiveCfg = Release|Any CPU
		{BE9A4636-0856-4EEC-97C7-5326E88ADDCC}.Release|ARM64.Build.0 = Release|Any CPU
		{BE9A4636-0856-4EEC-97C7-5326E88ADDCC}.Release|iPhone.ActiveCfg = Release|Any CPU
		{BE9A4636-0856-4EEC-97C7-5326E88ADDCC}.Release|iPhone.Build.0 = Release|Any CPU
		{BE9A4636-0856-4EEC-97C7-5326E88ADDCC}.Release|iPhoneSimulator.ActiveCfg = Release|Any CPU
		{BE9A4636-0856-4EEC-97C7-5326E88ADDCC}.Release|iPhoneSimulator.Build.0 = Release|Any CPU
		{BE9A4636-0856-4EEC-97C7-5326E88ADDCC}.Release|x64.ActiveCfg = Release|Any CPU
		{BE9A4636-0856-4EEC-97C7-5326E88ADDCC}.Release|x64.Build.0 = Release|Any CPU
		{BE9A4636-0856-4EEC-97C7-5326E88ADDCC}.Release|x86.ActiveCfg = Release|Any CPU
		{BE9A4636-0856-4EEC-97C7-5326E88ADDCC}.Release|x86.Build.0 = Release|Any CPU
		{E37383CB-CD18-4742-A3E3-574A84A71BB0}.Ad-Hoc|Any CPU.ActiveCfg = Debug|Any CPU
		{E37383CB-CD18-4742-A3E3-574A84A71BB0}.Ad-Hoc|Any CPU.Build.0 = Debug|Any CPU
		{E37383CB-CD18-4742-A3E3-574A84A71BB0}.Ad-Hoc|ARM.ActiveCfg = Debug|Any CPU
		{E37383CB-CD18-4742-A3E3-574A84A71BB0}.Ad-Hoc|ARM.Build.0 = Debug|Any CPU
		{E37383CB-CD18-4742-A3E3-574A84A71BB0}.Ad-Hoc|ARM64.ActiveCfg = Debug|Any CPU
		{E37383CB-CD18-4742-A3E3-574A84A71BB0}.Ad-Hoc|ARM64.Build.0 = Debug|Any CPU
		{E37383CB-CD18-4742-A3E3-574A84A71BB0}.Ad-Hoc|iPhone.ActiveCfg = Debug|Any CPU
		{E37383CB-CD18-4742-A3E3-574A84A71BB0}.Ad-Hoc|iPhone.Build.0 = Debug|Any CPU
		{E37383CB-CD18-4742-A3E3-574A84A71BB0}.Ad-Hoc|iPhoneSimulator.ActiveCfg = Debug|Any CPU
		{E37383CB-CD18-4742-A3E3-574A84A71BB0}.Ad-Hoc|iPhoneSimulator.Build.0 = Debug|Any CPU
		{E37383CB-CD18-4742-A3E3-574A84A71BB0}.Ad-Hoc|x64.ActiveCfg = Debug|Any CPU
		{E37383CB-CD18-4742-A3E3-574A84A71BB0}.Ad-Hoc|x64.Build.0 = Debug|Any CPU
		{E37383CB-CD18-4742-A3E3-574A84A71BB0}.Ad-Hoc|x86.ActiveCfg = Debug|Any CPU
		{E37383CB-CD18-4742-A3E3-574A84A71BB0}.Ad-Hoc|x86.Build.0 = Debug|Any CPU
		{E37383CB-CD18-4742-A3E3-574A84A71BB0}.AppStore|Any CPU.ActiveCfg = Debug|Any CPU
		{E37383CB-CD18-4742-A3E3-574A84A71BB0}.AppStore|Any CPU.Build.0 = Debug|Any CPU
		{E37383CB-CD18-4742-A3E3-574A84A71BB0}.AppStore|ARM.ActiveCfg = Debug|Any CPU
		{E37383CB-CD18-4742-A3E3-574A84A71BB0}.AppStore|ARM.Build.0 = Debug|Any CPU
		{E37383CB-CD18-4742-A3E3-574A84A71BB0}.AppStore|ARM64.ActiveCfg = Debug|Any CPU
		{E37383CB-CD18-4742-A3E3-574A84A71BB0}.AppStore|ARM64.Build.0 = Debug|Any CPU
		{E37383CB-CD18-4742-A3E3-574A84A71BB0}.AppStore|iPhone.ActiveCfg = Debug|Any CPU
		{E37383CB-CD18-4742-A3E3-574A84A71BB0}.AppStore|iPhone.Build.0 = Debug|Any CPU
		{E37383CB-CD18-4742-A3E3-574A84A71BB0}.AppStore|iPhoneSimulator.ActiveCfg = Debug|Any CPU
		{E37383CB-CD18-4742-A3E3-574A84A71BB0}.AppStore|iPhoneSimulator.Build.0 = Debug|Any CPU
		{E37383CB-CD18-4742-A3E3-574A84A71BB0}.AppStore|x64.ActiveCfg = Debug|Any CPU
		{E37383CB-CD18-4742-A3E3-574A84A71BB0}.AppStore|x64.Build.0 = Debug|Any CPU
		{E37383CB-CD18-4742-A3E3-574A84A71BB0}.AppStore|x86.ActiveCfg = Debug|Any CPU
		{E37383CB-CD18-4742-A3E3-574A84A71BB0}.AppStore|x86.Build.0 = Debug|Any CPU
		{E37383CB-CD18-4742-A3E3-574A84A71BB0}.Debug|Any CPU.ActiveCfg = Debug|Any CPU
		{E37383CB-CD18-4742-A3E3-574A84A71BB0}.Debug|Any CPU.Build.0 = Debug|Any CPU
		{E37383CB-CD18-4742-A3E3-574A84A71BB0}.Debug|ARM.ActiveCfg = Debug|Any CPU
		{E37383CB-CD18-4742-A3E3-574A84A71BB0}.Debug|ARM.Build.0 = Debug|Any CPU
		{E37383CB-CD18-4742-A3E3-574A84A71BB0}.Debug|ARM64.ActiveCfg = Debug|Any CPU
		{E37383CB-CD18-4742-A3E3-574A84A71BB0}.Debug|ARM64.Build.0 = Debug|Any CPU
		{E37383CB-CD18-4742-A3E3-574A84A71BB0}.Debug|iPhone.ActiveCfg = Debug|Any CPU
		{E37383CB-CD18-4742-A3E3-574A84A71BB0}.Debug|iPhone.Build.0 = Debug|Any CPU
		{E37383CB-CD18-4742-A3E3-574A84A71BB0}.Debug|iPhoneSimulator.ActiveCfg = Debug|Any CPU
		{E37383CB-CD18-4742-A3E3-574A84A71BB0}.Debug|iPhoneSimulator.Build.0 = Debug|Any CPU
		{E37383CB-CD18-4742-A3E3-574A84A71BB0}.Debug|x64.ActiveCfg = Debug|Any CPU
		{E37383CB-CD18-4742-A3E3-574A84A71BB0}.Debug|x64.Build.0 = Debug|Any CPU
		{E37383CB-CD18-4742-A3E3-574A84A71BB0}.Debug|x86.ActiveCfg = Debug|Any CPU
		{E37383CB-CD18-4742-A3E3-574A84A71BB0}.Debug|x86.Build.0 = Debug|Any CPU
		{E37383CB-CD18-4742-A3E3-574A84A71BB0}.Release|Any CPU.ActiveCfg = Release|Any CPU
		{E37383CB-CD18-4742-A3E3-574A84A71BB0}.Release|Any CPU.Build.0 = Release|Any CPU
		{E37383CB-CD18-4742-A3E3-574A84A71BB0}.Release|ARM.ActiveCfg = Release|Any CPU
		{E37383CB-CD18-4742-A3E3-574A84A71BB0}.Release|ARM.Build.0 = Release|Any CPU
		{E37383CB-CD18-4742-A3E3-574A84A71BB0}.Release|ARM64.ActiveCfg = Release|Any CPU
		{E37383CB-CD18-4742-A3E3-574A84A71BB0}.Release|ARM64.Build.0 = Release|Any CPU
		{E37383CB-CD18-4742-A3E3-574A84A71BB0}.Release|iPhone.ActiveCfg = Release|Any CPU
		{E37383CB-CD18-4742-A3E3-574A84A71BB0}.Release|iPhone.Build.0 = Release|Any CPU
		{E37383CB-CD18-4742-A3E3-574A84A71BB0}.Release|iPhoneSimulator.ActiveCfg = Release|Any CPU
		{E37383CB-CD18-4742-A3E3-574A84A71BB0}.Release|iPhoneSimulator.Build.0 = Release|Any CPU
		{E37383CB-CD18-4742-A3E3-574A84A71BB0}.Release|x64.ActiveCfg = Release|Any CPU
		{E37383CB-CD18-4742-A3E3-574A84A71BB0}.Release|x64.Build.0 = Release|Any CPU
		{E37383CB-CD18-4742-A3E3-574A84A71BB0}.Release|x86.ActiveCfg = Release|Any CPU
		{E37383CB-CD18-4742-A3E3-574A84A71BB0}.Release|x86.Build.0 = Release|Any CPU
		{CD35DE59-A87B-4390-8B6F-E807650FC95A}.Ad-Hoc|Any CPU.ActiveCfg = Debug|Any CPU
		{CD35DE59-A87B-4390-8B6F-E807650FC95A}.Ad-Hoc|Any CPU.Build.0 = Debug|Any CPU
		{CD35DE59-A87B-4390-8B6F-E807650FC95A}.Ad-Hoc|ARM.ActiveCfg = Debug|Any CPU
		{CD35DE59-A87B-4390-8B6F-E807650FC95A}.Ad-Hoc|ARM.Build.0 = Debug|Any CPU
		{CD35DE59-A87B-4390-8B6F-E807650FC95A}.Ad-Hoc|ARM64.ActiveCfg = Debug|Any CPU
		{CD35DE59-A87B-4390-8B6F-E807650FC95A}.Ad-Hoc|ARM64.Build.0 = Debug|Any CPU
		{CD35DE59-A87B-4390-8B6F-E807650FC95A}.Ad-Hoc|iPhone.ActiveCfg = Debug|Any CPU
		{CD35DE59-A87B-4390-8B6F-E807650FC95A}.Ad-Hoc|iPhone.Build.0 = Debug|Any CPU
		{CD35DE59-A87B-4390-8B6F-E807650FC95A}.Ad-Hoc|iPhoneSimulator.ActiveCfg = Debug|Any CPU
		{CD35DE59-A87B-4390-8B6F-E807650FC95A}.Ad-Hoc|iPhoneSimulator.Build.0 = Debug|Any CPU
		{CD35DE59-A87B-4390-8B6F-E807650FC95A}.Ad-Hoc|x64.ActiveCfg = Debug|Any CPU
		{CD35DE59-A87B-4390-8B6F-E807650FC95A}.Ad-Hoc|x64.Build.0 = Debug|Any CPU
		{CD35DE59-A87B-4390-8B6F-E807650FC95A}.Ad-Hoc|x86.ActiveCfg = Debug|Any CPU
		{CD35DE59-A87B-4390-8B6F-E807650FC95A}.Ad-Hoc|x86.Build.0 = Debug|Any CPU
		{CD35DE59-A87B-4390-8B6F-E807650FC95A}.AppStore|Any CPU.ActiveCfg = Debug|Any CPU
		{CD35DE59-A87B-4390-8B6F-E807650FC95A}.AppStore|Any CPU.Build.0 = Debug|Any CPU
		{CD35DE59-A87B-4390-8B6F-E807650FC95A}.AppStore|ARM.ActiveCfg = Debug|Any CPU
		{CD35DE59-A87B-4390-8B6F-E807650FC95A}.AppStore|ARM.Build.0 = Debug|Any CPU
		{CD35DE59-A87B-4390-8B6F-E807650FC95A}.AppStore|ARM64.ActiveCfg = Debug|Any CPU
		{CD35DE59-A87B-4390-8B6F-E807650FC95A}.AppStore|ARM64.Build.0 = Debug|Any CPU
		{CD35DE59-A87B-4390-8B6F-E807650FC95A}.AppStore|iPhone.ActiveCfg = Debug|Any CPU
		{CD35DE59-A87B-4390-8B6F-E807650FC95A}.AppStore|iPhone.Build.0 = Debug|Any CPU
		{CD35DE59-A87B-4390-8B6F-E807650FC95A}.AppStore|iPhoneSimulator.ActiveCfg = Debug|Any CPU
		{CD35DE59-A87B-4390-8B6F-E807650FC95A}.AppStore|iPhoneSimulator.Build.0 = Debug|Any CPU
		{CD35DE59-A87B-4390-8B6F-E807650FC95A}.AppStore|x64.ActiveCfg = Debug|Any CPU
		{CD35DE59-A87B-4390-8B6F-E807650FC95A}.AppStore|x64.Build.0 = Debug|Any CPU
		{CD35DE59-A87B-4390-8B6F-E807650FC95A}.AppStore|x86.ActiveCfg = Debug|Any CPU
		{CD35DE59-A87B-4390-8B6F-E807650FC95A}.AppStore|x86.Build.0 = Debug|Any CPU
		{CD35DE59-A87B-4390-8B6F-E807650FC95A}.Debug|Any CPU.ActiveCfg = Debug|Any CPU
		{CD35DE59-A87B-4390-8B6F-E807650FC95A}.Debug|Any CPU.Build.0 = Debug|Any CPU
		{CD35DE59-A87B-4390-8B6F-E807650FC95A}.Debug|ARM.ActiveCfg = Debug|Any CPU
		{CD35DE59-A87B-4390-8B6F-E807650FC95A}.Debug|ARM.Build.0 = Debug|Any CPU
		{CD35DE59-A87B-4390-8B6F-E807650FC95A}.Debug|ARM64.ActiveCfg = Debug|Any CPU
		{CD35DE59-A87B-4390-8B6F-E807650FC95A}.Debug|ARM64.Build.0 = Debug|Any CPU
		{CD35DE59-A87B-4390-8B6F-E807650FC95A}.Debug|iPhone.ActiveCfg = Debug|Any CPU
		{CD35DE59-A87B-4390-8B6F-E807650FC95A}.Debug|iPhone.Build.0 = Debug|Any CPU
		{CD35DE59-A87B-4390-8B6F-E807650FC95A}.Debug|iPhoneSimulator.ActiveCfg = Debug|Any CPU
		{CD35DE59-A87B-4390-8B6F-E807650FC95A}.Debug|iPhoneSimulator.Build.0 = Debug|Any CPU
		{CD35DE59-A87B-4390-8B6F-E807650FC95A}.Debug|x64.ActiveCfg = Debug|Any CPU
		{CD35DE59-A87B-4390-8B6F-E807650FC95A}.Debug|x64.Build.0 = Debug|Any CPU
		{CD35DE59-A87B-4390-8B6F-E807650FC95A}.Debug|x86.ActiveCfg = Debug|Any CPU
		{CD35DE59-A87B-4390-8B6F-E807650FC95A}.Debug|x86.Build.0 = Debug|Any CPU
		{CD35DE59-A87B-4390-8B6F-E807650FC95A}.Release|Any CPU.ActiveCfg = Release|Any CPU
		{CD35DE59-A87B-4390-8B6F-E807650FC95A}.Release|Any CPU.Build.0 = Release|Any CPU
		{CD35DE59-A87B-4390-8B6F-E807650FC95A}.Release|ARM.ActiveCfg = Release|Any CPU
		{CD35DE59-A87B-4390-8B6F-E807650FC95A}.Release|ARM.Build.0 = Release|Any CPU
		{CD35DE59-A87B-4390-8B6F-E807650FC95A}.Release|ARM64.ActiveCfg = Release|Any CPU
		{CD35DE59-A87B-4390-8B6F-E807650FC95A}.Release|ARM64.Build.0 = Release|Any CPU
		{CD35DE59-A87B-4390-8B6F-E807650FC95A}.Release|iPhone.ActiveCfg = Release|Any CPU
		{CD35DE59-A87B-4390-8B6F-E807650FC95A}.Release|iPhone.Build.0 = Release|Any CPU
		{CD35DE59-A87B-4390-8B6F-E807650FC95A}.Release|iPhoneSimulator.ActiveCfg = Release|Any CPU
		{CD35DE59-A87B-4390-8B6F-E807650FC95A}.Release|iPhoneSimulator.Build.0 = Release|Any CPU
		{CD35DE59-A87B-4390-8B6F-E807650FC95A}.Release|x64.ActiveCfg = Release|Any CPU
		{CD35DE59-A87B-4390-8B6F-E807650FC95A}.Release|x64.Build.0 = Release|Any CPU
		{CD35DE59-A87B-4390-8B6F-E807650FC95A}.Release|x86.ActiveCfg = Release|Any CPU
		{CD35DE59-A87B-4390-8B6F-E807650FC95A}.Release|x86.Build.0 = Release|Any CPU
		{016131DF-0B20-42F6-8AE9-9BFEEF887AEE}.Ad-Hoc|Any CPU.ActiveCfg = Debug|Any CPU
		{016131DF-0B20-42F6-8AE9-9BFEEF887AEE}.Ad-Hoc|Any CPU.Build.0 = Debug|Any CPU
		{016131DF-0B20-42F6-8AE9-9BFEEF887AEE}.Ad-Hoc|ARM.ActiveCfg = Debug|Any CPU
		{016131DF-0B20-42F6-8AE9-9BFEEF887AEE}.Ad-Hoc|ARM.Build.0 = Debug|Any CPU
		{016131DF-0B20-42F6-8AE9-9BFEEF887AEE}.Ad-Hoc|ARM64.ActiveCfg = Debug|Any CPU
		{016131DF-0B20-42F6-8AE9-9BFEEF887AEE}.Ad-Hoc|ARM64.Build.0 = Debug|Any CPU
		{016131DF-0B20-42F6-8AE9-9BFEEF887AEE}.Ad-Hoc|iPhone.ActiveCfg = Debug|Any CPU
		{016131DF-0B20-42F6-8AE9-9BFEEF887AEE}.Ad-Hoc|iPhone.Build.0 = Debug|Any CPU
		{016131DF-0B20-42F6-8AE9-9BFEEF887AEE}.Ad-Hoc|iPhoneSimulator.ActiveCfg = Debug|Any CPU
		{016131DF-0B20-42F6-8AE9-9BFEEF887AEE}.Ad-Hoc|iPhoneSimulator.Build.0 = Debug|Any CPU
		{016131DF-0B20-42F6-8AE9-9BFEEF887AEE}.Ad-Hoc|x64.ActiveCfg = Debug|Any CPU
		{016131DF-0B20-42F6-8AE9-9BFEEF887AEE}.Ad-Hoc|x64.Build.0 = Debug|Any CPU
		{016131DF-0B20-42F6-8AE9-9BFEEF887AEE}.Ad-Hoc|x86.ActiveCfg = Debug|Any CPU
		{016131DF-0B20-42F6-8AE9-9BFEEF887AEE}.Ad-Hoc|x86.Build.0 = Debug|Any CPU
		{016131DF-0B20-42F6-8AE9-9BFEEF887AEE}.AppStore|Any CPU.ActiveCfg = Debug|Any CPU
		{016131DF-0B20-42F6-8AE9-9BFEEF887AEE}.AppStore|Any CPU.Build.0 = Debug|Any CPU
		{016131DF-0B20-42F6-8AE9-9BFEEF887AEE}.AppStore|ARM.ActiveCfg = Debug|Any CPU
		{016131DF-0B20-42F6-8AE9-9BFEEF887AEE}.AppStore|ARM.Build.0 = Debug|Any CPU
		{016131DF-0B20-42F6-8AE9-9BFEEF887AEE}.AppStore|ARM64.ActiveCfg = Debug|Any CPU
		{016131DF-0B20-42F6-8AE9-9BFEEF887AEE}.AppStore|ARM64.Build.0 = Debug|Any CPU
		{016131DF-0B20-42F6-8AE9-9BFEEF887AEE}.AppStore|iPhone.ActiveCfg = Debug|Any CPU
		{016131DF-0B20-42F6-8AE9-9BFEEF887AEE}.AppStore|iPhone.Build.0 = Debug|Any CPU
		{016131DF-0B20-42F6-8AE9-9BFEEF887AEE}.AppStore|iPhoneSimulator.ActiveCfg = Debug|Any CPU
		{016131DF-0B20-42F6-8AE9-9BFEEF887AEE}.AppStore|iPhoneSimulator.Build.0 = Debug|Any CPU
		{016131DF-0B20-42F6-8AE9-9BFEEF887AEE}.AppStore|x64.ActiveCfg = Debug|Any CPU
		{016131DF-0B20-42F6-8AE9-9BFEEF887AEE}.AppStore|x64.Build.0 = Debug|Any CPU
		{016131DF-0B20-42F6-8AE9-9BFEEF887AEE}.AppStore|x86.ActiveCfg = Debug|Any CPU
		{016131DF-0B20-42F6-8AE9-9BFEEF887AEE}.AppStore|x86.Build.0 = Debug|Any CPU
		{016131DF-0B20-42F6-8AE9-9BFEEF887AEE}.Debug|Any CPU.ActiveCfg = Debug|Any CPU
		{016131DF-0B20-42F6-8AE9-9BFEEF887AEE}.Debug|Any CPU.Build.0 = Debug|Any CPU
		{016131DF-0B20-42F6-8AE9-9BFEEF887AEE}.Debug|ARM.ActiveCfg = Debug|Any CPU
		{016131DF-0B20-42F6-8AE9-9BFEEF887AEE}.Debug|ARM.Build.0 = Debug|Any CPU
		{016131DF-0B20-42F6-8AE9-9BFEEF887AEE}.Debug|ARM64.ActiveCfg = Debug|Any CPU
		{016131DF-0B20-42F6-8AE9-9BFEEF887AEE}.Debug|ARM64.Build.0 = Debug|Any CPU
		{016131DF-0B20-42F6-8AE9-9BFEEF887AEE}.Debug|iPhone.ActiveCfg = Debug|Any CPU
		{016131DF-0B20-42F6-8AE9-9BFEEF887AEE}.Debug|iPhone.Build.0 = Debug|Any CPU
		{016131DF-0B20-42F6-8AE9-9BFEEF887AEE}.Debug|iPhoneSimulator.ActiveCfg = Debug|Any CPU
		{016131DF-0B20-42F6-8AE9-9BFEEF887AEE}.Debug|iPhoneSimulator.Build.0 = Debug|Any CPU
		{016131DF-0B20-42F6-8AE9-9BFEEF887AEE}.Debug|x64.ActiveCfg = Debug|Any CPU
		{016131DF-0B20-42F6-8AE9-9BFEEF887AEE}.Debug|x64.Build.0 = Debug|Any CPU
		{016131DF-0B20-42F6-8AE9-9BFEEF887AEE}.Debug|x86.ActiveCfg = Debug|Any CPU
		{016131DF-0B20-42F6-8AE9-9BFEEF887AEE}.Debug|x86.Build.0 = Debug|Any CPU
		{016131DF-0B20-42F6-8AE9-9BFEEF887AEE}.Release|Any CPU.ActiveCfg = Release|Any CPU
		{016131DF-0B20-42F6-8AE9-9BFEEF887AEE}.Release|Any CPU.Build.0 = Release|Any CPU
		{016131DF-0B20-42F6-8AE9-9BFEEF887AEE}.Release|ARM.ActiveCfg = Release|Any CPU
		{016131DF-0B20-42F6-8AE9-9BFEEF887AEE}.Release|ARM.Build.0 = Release|Any CPU
		{016131DF-0B20-42F6-8AE9-9BFEEF887AEE}.Release|ARM64.ActiveCfg = Release|Any CPU
		{016131DF-0B20-42F6-8AE9-9BFEEF887AEE}.Release|ARM64.Build.0 = Release|Any CPU
		{016131DF-0B20-42F6-8AE9-9BFEEF887AEE}.Release|iPhone.ActiveCfg = Release|Any CPU
		{016131DF-0B20-42F6-8AE9-9BFEEF887AEE}.Release|iPhone.Build.0 = Release|Any CPU
		{016131DF-0B20-42F6-8AE9-9BFEEF887AEE}.Release|iPhoneSimulator.ActiveCfg = Release|Any CPU
		{016131DF-0B20-42F6-8AE9-9BFEEF887AEE}.Release|iPhoneSimulator.Build.0 = Release|Any CPU
		{016131DF-0B20-42F6-8AE9-9BFEEF887AEE}.Release|x64.ActiveCfg = Release|Any CPU
		{016131DF-0B20-42F6-8AE9-9BFEEF887AEE}.Release|x64.Build.0 = Release|Any CPU
		{016131DF-0B20-42F6-8AE9-9BFEEF887AEE}.Release|x86.ActiveCfg = Release|Any CPU
		{016131DF-0B20-42F6-8AE9-9BFEEF887AEE}.Release|x86.Build.0 = Release|Any CPU
		{7B613B26-AFF4-4DBF-A166-B725036AF50E}.Ad-Hoc|Any CPU.ActiveCfg = Debug|Any CPU
		{7B613B26-AFF4-4DBF-A166-B725036AF50E}.Ad-Hoc|Any CPU.Build.0 = Debug|Any CPU
		{7B613B26-AFF4-4DBF-A166-B725036AF50E}.Ad-Hoc|ARM.ActiveCfg = Debug|Any CPU
		{7B613B26-AFF4-4DBF-A166-B725036AF50E}.Ad-Hoc|ARM.Build.0 = Debug|Any CPU
		{7B613B26-AFF4-4DBF-A166-B725036AF50E}.Ad-Hoc|ARM64.ActiveCfg = Debug|Any CPU
		{7B613B26-AFF4-4DBF-A166-B725036AF50E}.Ad-Hoc|ARM64.Build.0 = Debug|Any CPU
		{7B613B26-AFF4-4DBF-A166-B725036AF50E}.Ad-Hoc|iPhone.ActiveCfg = Debug|Any CPU
		{7B613B26-AFF4-4DBF-A166-B725036AF50E}.Ad-Hoc|iPhone.Build.0 = Debug|Any CPU
		{7B613B26-AFF4-4DBF-A166-B725036AF50E}.Ad-Hoc|iPhoneSimulator.ActiveCfg = Debug|Any CPU
		{7B613B26-AFF4-4DBF-A166-B725036AF50E}.Ad-Hoc|iPhoneSimulator.Build.0 = Debug|Any CPU
		{7B613B26-AFF4-4DBF-A166-B725036AF50E}.Ad-Hoc|x64.ActiveCfg = Debug|Any CPU
		{7B613B26-AFF4-4DBF-A166-B725036AF50E}.Ad-Hoc|x64.Build.0 = Debug|Any CPU
		{7B613B26-AFF4-4DBF-A166-B725036AF50E}.Ad-Hoc|x86.ActiveCfg = Debug|Any CPU
		{7B613B26-AFF4-4DBF-A166-B725036AF50E}.Ad-Hoc|x86.Build.0 = Debug|Any CPU
		{7B613B26-AFF4-4DBF-A166-B725036AF50E}.AppStore|Any CPU.ActiveCfg = Debug|Any CPU
		{7B613B26-AFF4-4DBF-A166-B725036AF50E}.AppStore|Any CPU.Build.0 = Debug|Any CPU
		{7B613B26-AFF4-4DBF-A166-B725036AF50E}.AppStore|ARM.ActiveCfg = Debug|Any CPU
		{7B613B26-AFF4-4DBF-A166-B725036AF50E}.AppStore|ARM.Build.0 = Debug|Any CPU
		{7B613B26-AFF4-4DBF-A166-B725036AF50E}.AppStore|ARM64.ActiveCfg = Debug|Any CPU
		{7B613B26-AFF4-4DBF-A166-B725036AF50E}.AppStore|ARM64.Build.0 = Debug|Any CPU
		{7B613B26-AFF4-4DBF-A166-B725036AF50E}.AppStore|iPhone.ActiveCfg = Debug|Any CPU
		{7B613B26-AFF4-4DBF-A166-B725036AF50E}.AppStore|iPhone.Build.0 = Debug|Any CPU
		{7B613B26-AFF4-4DBF-A166-B725036AF50E}.AppStore|iPhoneSimulator.ActiveCfg = Debug|Any CPU
		{7B613B26-AFF4-4DBF-A166-B725036AF50E}.AppStore|iPhoneSimulator.Build.0 = Debug|Any CPU
		{7B613B26-AFF4-4DBF-A166-B725036AF50E}.AppStore|x64.ActiveCfg = Debug|Any CPU
		{7B613B26-AFF4-4DBF-A166-B725036AF50E}.AppStore|x64.Build.0 = Debug|Any CPU
		{7B613B26-AFF4-4DBF-A166-B725036AF50E}.AppStore|x86.ActiveCfg = Debug|Any CPU
		{7B613B26-AFF4-4DBF-A166-B725036AF50E}.AppStore|x86.Build.0 = Debug|Any CPU
		{7B613B26-AFF4-4DBF-A166-B725036AF50E}.Debug|Any CPU.ActiveCfg = Debug|Any CPU
		{7B613B26-AFF4-4DBF-A166-B725036AF50E}.Debug|Any CPU.Build.0 = Debug|Any CPU
		{7B613B26-AFF4-4DBF-A166-B725036AF50E}.Debug|ARM.ActiveCfg = Debug|Any CPU
		{7B613B26-AFF4-4DBF-A166-B725036AF50E}.Debug|ARM.Build.0 = Debug|Any CPU
		{7B613B26-AFF4-4DBF-A166-B725036AF50E}.Debug|ARM64.ActiveCfg = Debug|Any CPU
		{7B613B26-AFF4-4DBF-A166-B725036AF50E}.Debug|ARM64.Build.0 = Debug|Any CPU
		{7B613B26-AFF4-4DBF-A166-B725036AF50E}.Debug|iPhone.ActiveCfg = Debug|Any CPU
		{7B613B26-AFF4-4DBF-A166-B725036AF50E}.Debug|iPhone.Build.0 = Debug|Any CPU
		{7B613B26-AFF4-4DBF-A166-B725036AF50E}.Debug|iPhoneSimulator.ActiveCfg = Debug|Any CPU
		{7B613B26-AFF4-4DBF-A166-B725036AF50E}.Debug|iPhoneSimulator.Build.0 = Debug|Any CPU
		{7B613B26-AFF4-4DBF-A166-B725036AF50E}.Debug|x64.ActiveCfg = Debug|Any CPU
		{7B613B26-AFF4-4DBF-A166-B725036AF50E}.Debug|x64.Build.0 = Debug|Any CPU
		{7B613B26-AFF4-4DBF-A166-B725036AF50E}.Debug|x86.ActiveCfg = Debug|Any CPU
		{7B613B26-AFF4-4DBF-A166-B725036AF50E}.Debug|x86.Build.0 = Debug|Any CPU
		{7B613B26-AFF4-4DBF-A166-B725036AF50E}.Release|Any CPU.ActiveCfg = Release|Any CPU
		{7B613B26-AFF4-4DBF-A166-B725036AF50E}.Release|Any CPU.Build.0 = Release|Any CPU
		{7B613B26-AFF4-4DBF-A166-B725036AF50E}.Release|ARM.ActiveCfg = Release|Any CPU
		{7B613B26-AFF4-4DBF-A166-B725036AF50E}.Release|ARM.Build.0 = Release|Any CPU
		{7B613B26-AFF4-4DBF-A166-B725036AF50E}.Release|ARM64.ActiveCfg = Release|Any CPU
		{7B613B26-AFF4-4DBF-A166-B725036AF50E}.Release|ARM64.Build.0 = Release|Any CPU
		{7B613B26-AFF4-4DBF-A166-B725036AF50E}.Release|iPhone.ActiveCfg = Release|Any CPU
		{7B613B26-AFF4-4DBF-A166-B725036AF50E}.Release|iPhone.Build.0 = Release|Any CPU
		{7B613B26-AFF4-4DBF-A166-B725036AF50E}.Release|iPhoneSimulator.ActiveCfg = Release|Any CPU
		{7B613B26-AFF4-4DBF-A166-B725036AF50E}.Release|iPhoneSimulator.Build.0 = Release|Any CPU
		{7B613B26-AFF4-4DBF-A166-B725036AF50E}.Release|x64.ActiveCfg = Release|Any CPU
		{7B613B26-AFF4-4DBF-A166-B725036AF50E}.Release|x64.Build.0 = Release|Any CPU
		{7B613B26-AFF4-4DBF-A166-B725036AF50E}.Release|x86.ActiveCfg = Release|Any CPU
		{7B613B26-AFF4-4DBF-A166-B725036AF50E}.Release|x86.Build.0 = Release|Any CPU
	EndGlobalSection
	GlobalSection(SolutionProperties) = preSolution
		HideSolutionNode = FALSE
	EndGlobalSection
	GlobalSection(NestedProjects) = preSolution
		{E14ABCFC-35CF-4046-87F4-1551A0A936E1} = {9D3B7E94-91AC-466E-9FD4-EF06B96B4572}
		{BCF6E12C-6FD1-4976-9020-3AB911ED0A91} = {9D3B7E94-91AC-466E-9FD4-EF06B96B4572}
		{41533A72-CF6B-47C2-90CC-BEA4EE2B756E} = {9D3B7E94-91AC-466E-9FD4-EF06B96B4572}
		{3BC6E6C3-8378-4D5C-9DC1-54BC0FFF24CE} = {9D3B7E94-91AC-466E-9FD4-EF06B96B4572}
		{D5F7907E-CA1A-49E2-B9C1-4E2FAE65240F} = {9D3B7E94-91AC-466E-9FD4-EF06B96B4572}
		{BE9A4636-0856-4EEC-97C7-5326E88ADDCC} = {9D3B7E94-91AC-466E-9FD4-EF06B96B4572}
		{E37383CB-CD18-4742-A3E3-574A84A71BB0} = {9D3B7E94-91AC-466E-9FD4-EF06B96B4572}
		{CD35DE59-A87B-4390-8B6F-E807650FC95A} = {9D3B7E94-91AC-466E-9FD4-EF06B96B4572}
		{016131DF-0B20-42F6-8AE9-9BFEEF887AEE} = {9D3B7E94-91AC-466E-9FD4-EF06B96B4572}
	EndGlobalSection
	GlobalSection(ExtensibilityGlobals) = postSolution
		SolutionGuid = {96FFCC50-6093-48E1-8E7F-E8DF26269D5D}
	EndGlobalSection
EndGlobal
